
Microsoft Visual Studio Solution File, Format Version 12.00
# Visual Studio 2013
VisualStudioVersion = 12.0.30501.0
MinimumVisualStudioVersion = 10.0.40219.1
Project("{FAE04EC0-301F-11D3-BF4B-00C04F79EFBC}") = "Recon-api", "Recon-api\Recon-api.csproj", "{7D6A3660-AD8C-480B-94C1-A05A15A50406}"
	ProjectSection(ProjectDependencies) = postProject
		{C00DAB0D-42D9-437B-8695-16705562322C} = {C00DAB0D-42D9-437B-8695-16705562322C}
	EndProjectSection
EndProject
Project("{FAE04EC0-301F-11D3-BF4B-00C04F79EFBC}") = "Recon_api_model", "Recon_api_model\Recon_api_model.csproj", "{C00DAB0D-42D9-437B-8695-16705562322C}"
EndProject
Project("{FAE04EC0-301F-11D3-BF4B-00C04F79EFBC}") = "Recon_api_service", "Recon_api_service\Recon_api_service.csproj", "{6F33AA14-2121-464D-86D7-C1FAC578357A}"
EndProject
Project("{FAE04EC0-301F-11D3-BF4B-00C04F79EFBC}") = "Recon_api_datamodel", "Recon_api_datamodel\Recon_api_datamodel.csproj", "{A14B74A2-ABED-43D8-B4FC-4826DF7484EF}"
	ProjectSection(ProjectDependencies) = postProject
		{C00DAB0D-42D9-437B-8695-16705562322C} = {C00DAB0D-42D9-437B-8695-16705562322C}
	EndProjectSection
EndProject
Global
	GlobalSection(SolutionConfigurationPlatforms) = preSolution
		Debug|Any CPU = Debug|Any CPU
		Release|Any CPU = Release|Any CPU
	EndGlobalSection
	GlobalSection(ProjectConfigurationPlatforms) = postSolution
		{7D6A3660-AD8C-480B-94C1-A05A15A50406}.Debug|Any CPU.ActiveCfg = Debug|Any CPU
		{7D6A3660-AD8C-480B-94C1-A05A15A50406}.Debug|Any CPU.Build.0 = Debug|Any CPU
		{7D6A3660-AD8C-480B-94C1-A05A15A50406}.Release|Any CPU.ActiveCfg = Release|Any CPU
		{7D6A3660-AD8C-480B-94C1-A05A15A50406}.Release|Any CPU.Build.0 = Release|Any CPU
		{C00DAB0D-42D9-437B-8695-16705562322C}.Debug|Any CPU.ActiveCfg = Debug|Any CPU
		{C00DAB0D-42D9-437B-8695-16705562322C}.Debug|Any CPU.Build.0 = Debug|Any CPU
		{C00DAB0D-42D9-437B-8695-16705562322C}.Release|Any CPU.ActiveCfg = Release|Any CPU
		{C00DAB0D-42D9-437B-8695-16705562322C}.Release|Any CPU.Build.0 = Release|Any CPU
		{6F33AA14-2121-464D-86D7-C1FAC578357A}.Debug|Any CPU.ActiveCfg = Debug|Any CPU
		{6F33AA14-2121-464D-86D7-C1FAC578357A}.Debug|Any CPU.Build.0 = Debug|Any CPU
		{6F33AA14-2121-464D-86D7-C1FAC578357A}.Release|Any CPU.ActiveCfg = Release|Any CPU
		{6F33AA14-2121-464D-86D7-C1FAC578357A}.Release|Any CPU.Build.0 = Release|Any CPU
		{A14B74A2-ABED-43D8-B4FC-4826DF7484EF}.Debug|Any CPU.ActiveCfg = Debug|Any CPU
		{A14B74A2-ABED-43D8-B4FC-4826DF7484EF}.Debug|Any CPU.Build.0 = Debug|Any CPU
		{A14B74A2-ABED-43D8-B4FC-4826DF7484EF}.Release|Any CPU.ActiveCfg = Release|Any CPU
		{A14B74A2-ABED-43D8-B4FC-4826DF7484EF}.Release|Any CPU.Build.0 = Release|Any CPU
	EndGlobalSection
	GlobalSection(SolutionProperties) = preSolution
		HideSolutionNode = FALSE
	EndGlobalSection
EndGlobal
